
Microsoft Visual Studio Solution File, Format Version 12.00
# Visual Studio Version 16
VisualStudioVersion = 16.0.34301.259
MinimumVisualStudioVersion = 10.0.40219.1
Project("{FC65038C-1B2F-41E1-A629-BED71D161FFF}") = "ChatGPTExamples (ISV) [Fleet Management]", "ChatGPTExamples\ChatGPTExamples.rnrproj", "{19C77B36-BE92-4AC9-8A7B-4D295FD2204B}"
EndProject
Project("{FAE04EC0-301F-11D3-BF4B-00C04F79EFBC}") = "ChatGPTWrapper", "ChatGPTWrapper\ChatGPTWrapper.csproj", "{5C9DC680-D97F-4E6D-BF80-A2BC02CD0223}"
EndProject
Global
	GlobalSection(SolutionConfigurationPlatforms) = preSolution
		Debug|Any CPU = Debug|Any CPU
		Release|Any CPU = Release|Any CPU
	EndGlobalSection
	GlobalSection(ProjectConfigurationPlatforms) = postSolution
		{19C77B36-BE92-4AC9-8A7B-4D295FD2204B}.Debug|Any CPU.ActiveCfg = Debug|Any CPU
		{19C77B36-BE92-4AC9-8A7B-4D295FD2204B}.Debug|Any CPU.Build.0 = Debug|Any CPU
		{19C77B36-BE92-4AC9-8A7B-4D295FD2204B}.Release|Any CPU.ActiveCfg = Debug|Any CPU
		{19C77B36-BE92-4AC9-8A7B-4D295FD2204B}.Release|Any CPU.Build.0 = Debug|Any CPU
		{5C9DC680-D97F-4E6D-BF80-A2BC02CD0223}.Debug|Any CPU.ActiveCfg = Debug|Any CPU
		{5C9DC680-D97F-4E6D-BF80-A2BC02CD0223}.Debug|Any CPU.Build.0 = Debug|Any CPU
		{5C9DC680-D97F-4E6D-BF80-A2BC02CD0223}.Release|Any CPU.ActiveCfg = Release|Any CPU
		{5C9DC680-D97F-4E6D-BF80-A2BC02CD0223}.Release|Any CPU.Build.0 = Release|Any CPU
	EndGlobalSection
	GlobalSection(SolutionProperties) = preSolution
		HideSolutionNode = FALSE
	EndGlobalSection
	GlobalSection(ExtensibilityGlobals) = postSolution
		SolutionGuid = {19ECA481-1DFC-4796-938E-E0DE8780DE86}
	EndGlobalSection
EndGlobal
